
Microsoft Visual Studio Solution File, Format Version 12.00
# Visual Studio Version 17
VisualStudioVersion = 17.0.31903.59
MinimumVisualStudioVersion = 10.0.40219.1
Project("{2150E333-8FDC-42A3-9474-1A3956D46DE8}") = "src", "src", "{827E0CD3-B72D-47B6-A68D-7590B98EB39B}"
EndProject
Project("{FAE04EC0-301F-11D3-BF4B-00C04F79EFBC}") = "UTStudio.Acquisition.Simulator", "src\UTStudio.Acquisition.Simulator\UTStudio.Acquisition.Simulator.csproj", "{6A51A112-07EC-49EF-BBB0-5AB1938A43E8}"
EndProject
Project("{FAE04EC0-301F-11D3-BF4B-00C04F79EFBC}") = "UTStudio.Domain", "src\UTStudio.Domain\UTStudio.Domain.csproj", "{5C69013D-0345-47EB-95AA-01D26E0EC605}"
EndProject
Project("{FAE04EC0-301F-11D3-BF4B-00C04F79EFBC}") = "UTStudio.Contracts", "src\UTStudio.Contracts\UTStudio.Contracts.csproj", "{E4C00D6F-B3A3-4C57-B344-396BB41AB422}"
EndProject
Project("{FAE04EC0-301F-11D3-BF4B-00C04F79EFBC}") = "UTStudio.App.Wpf", "src\UTStudio.App.Wpf\UTStudio.App.Wpf.csproj", "{C93589AA-BFCC-40A4-85A5-A2C13D6DF87B}"
EndProject
Project("{FAE04EC0-301F-11D3-BF4B-00C04F79EFBC}") = "UTStudio.Application", "src\UTStudio.Application\UTStudio.Application.csproj", "{5734AD22-98E2-488D-B33C-7F5F822DC1B6}"
EndProject
Project("{FAE04EC0-301F-11D3-BF4B-00C04F79EFBC}") = "UTStudio.Visualization.Core", "src\UTStudio.Visualization.Core\UTStudio.Visualization.Core.csproj", "{8091595A-B539-4645-B48C-A2BC11DF130E}"
EndProject
Project("{FAE04EC0-301F-11D3-BF4B-00C04F79EFBC}") = "UTStudio.Presentation", "src\UTStudio.Presentation\UTStudio.Presentation.csproj", "{1BBEBCA5-3EEA-40FF-B342-1B083E40EF31}"
EndProject
Project("{2150E333-8FDC-42A3-9474-1A3956D46DE8}") = "tests", "tests", "{0AB3BF05-4346-4AA6-1389-037BE0695223}"
EndProject
Project("{FAE04EC0-301F-11D3-BF4B-00C04F79EFBC}") = "UTStudio.Core.Tests", "tests\UTStudio.Core.Tests\UTStudio.Core.Tests.csproj", "{4B3FDDBB-2B5A-41B5-915F-FA9D1CA3E959}"
EndProject
Project("{FAE04EC0-301F-11D3-BF4B-00C04F79EFBC}") = "UTStudio.Tests.Wpf", "tests\UTStudio.Tests.Wpf\UTStudio.Tests.Wpf.csproj", "{6DC3F9E9-171F-4C0B-AE85-E04136DB0F46}"
EndProject
Project("{2150E333-8FDC-42A3-9474-1A3956D46DE8}") = "benchmarks", "benchmarks", "{66320409-64EC-F7C5-3DEF-65E7510DAAD1}"
EndProject
Project("{FAE04EC0-301F-11D3-BF4B-00C04F79EFBC}") = "UTStudio.Benchmarks", "benchmarks\UTStudio.Benchmarks\UTStudio.Benchmarks.csproj", "{667448CC-A91D-47CF-BEC2-D40917FAFBA6}"
EndProject
Project("{2150E333-8FDC-42A3-9474-1A3956D46DE8}") = "tools", "tools", "{07C2787E-EAC7-C090-1BA3-A61EC2A24D84}"
EndProject
Project("{FAE04EC0-301F-11D3-BF4B-00C04F79EFBC}") = "UTStudio.LoadTests", "tools\UTStudio.LoadTests\UTStudio.LoadTests.csproj", "{AB86355B-E43F-4D14-A06E-7C9DB5E08B3F}"
EndProject
Global
	GlobalSection(SolutionConfigurationPlatforms) = preSolution
		Debug|Any CPU = Debug|Any CPU
		Debug|x64 = Debug|x64
		Debug|x86 = Debug|x86
		Release|Any CPU = Release|Any CPU
		Release|x64 = Release|x64
		Release|x86 = Release|x86
	EndGlobalSection
	GlobalSection(ProjectConfigurationPlatforms) = postSolution
		{6A51A112-07EC-49EF-BBB0-5AB1938A43E8}.Debug|Any CPU.ActiveCfg = Debug|Any CPU
		{6A51A112-07EC-49EF-BBB0-5AB1938A43E8}.Debug|Any CPU.Build.0 = Debug|Any CPU
		{6A51A112-07EC-49EF-BBB0-5AB1938A43E8}.Debug|x64.ActiveCfg = Debug|Any CPU
		{6A51A112-07EC-49EF-BBB0-5AB1938A43E8}.Debug|x64.Build.0 = Debug|Any CPU
		{6A51A112-07EC-49EF-BBB0-5AB1938A43E8}.Debug|x86.ActiveCfg = Debug|Any CPU
		{6A51A112-07EC-49EF-BBB0-5AB1938A43E8}.Debug|x86.Build.0 = Debug|Any CPU
		{6A51A112-07EC-49EF-BBB0-5AB1938A43E8}.Release|Any CPU.ActiveCfg = Release|Any CPU
		{6A51A112-07EC-49EF-BBB0-5AB1938A43E8}.Release|Any CPU.Build.0 = Release|Any CPU
		{6A51A112-07EC-49EF-BBB0-5AB1938A43E8}.Release|x64.ActiveCfg = Release|Any CPU
		{6A51A112-07EC-49EF-BBB0-5AB1938A43E8}.Release|x64.Build.0 = Release|Any CPU
		{6A51A112-07EC-49EF-BBB0-5AB1938A43E8}.Release|x86.ActiveCfg = Release|Any CPU
		{6A51A112-07EC-49EF-BBB0-5AB1938A43E8}.Release|x86.Build.0 = Release|Any CPU
		{5C69013D-0345-47EB-95AA-01D26E0EC605}.Debug|Any CPU.ActiveCfg = Debug|Any CPU
		{5C69013D-0345-47EB-95AA-01D26E0EC605}.Debug|Any CPU.Build.0 = Debug|Any CPU
		{5C69013D-0345-47EB-95AA-01D26E0EC605}.Debug|x64.ActiveCfg = Debug|Any CPU
		{5C69013D-0345-47EB-95AA-01D26E0EC605}.Debug|x64.Build.0 = Debug|Any CPU
		{5C69013D-0345-47EB-95AA-01D26E0EC605}.Debug|x86.ActiveCfg = Debug|Any CPU
		{5C69013D-0345-47EB-95AA-01D26E0EC605}.Debug|x86.Build.0 = Debug|Any CPU
		{5C69013D-0345-47EB-95AA-01D26E0EC605}.Release|Any CPU.ActiveCfg = Release|Any CPU
		{5C69013D-0345-47EB-95AA-01D26E0EC605}.Release|Any CPU.Build.0 = Release|Any CPU
		{5C69013D-0345-47EB-95AA-01D26E0EC605}.Release|x64.ActiveCfg = Release|Any CPU
		{5C69013D-0345-47EB-95AA-01D26E0EC605}.Release|x64.Build.0 = Release|Any CPU
		{5C69013D-0345-47EB-95AA-01D26E0EC605}.Release|x86.ActiveCfg = Release|Any CPU
		{5C69013D-0345-47EB-95AA-01D26E0EC605}.Release|x86.Build.0 = Release|Any CPU
		{E4C00D6F-B3A3-4C57-B344-396BB41AB422}.Debug|Any CPU.ActiveCfg = Debug|Any CPU
		{E4C00D6F-B3A3-4C57-B344-396BB41AB422}.Debug|Any CPU.Build.0 = Debug|Any CPU
		{E4C00D6F-B3A3-4C57-B344-396BB41AB422}.Debug|x64.ActiveCfg = Debug|Any CPU
		{E4C00D6F-B3A3-4C57-B344-396BB41AB422}.Debug|x64.Build.0 = Debug|Any CPU
		{E4C00D6F-B3A3-4C57-B344-396BB41AB422}.Debug|x86.ActiveCfg = Debug|Any CPU
		{E4C00D6F-B3A3-4C57-B344-396BB41AB422}.Debug|x86.Build.0 = Debug|Any CPU
		{E4C00D6F-B3A3-4C57-B344-396BB41AB422}.Release|Any CPU.ActiveCfg = Release|Any CPU
		{E4C00D6F-B3A3-4C57-B344-396BB41AB422}.Release|Any CPU.Build.0 = Release|Any CPU
		{E4C00D6F-B3A3-4C57-B344-396BB41AB422}.Release|x64.ActiveCfg = Release|Any CPU
		{E4C00D6F-B3A3-4C57-B344-396BB41AB422}.Release|x64.Build.0 = Release|Any CPU
		{E4C00D6F-B3A3-4C57-B344-396BB41AB422}.Release|x86.ActiveCfg = Release|Any CPU
		{E4C00D6F-B3A3-4C57-B344-396BB41AB422}.Release|x86.Build.0 = Release|Any CPU
		{C93589AA-BFCC-40A4-85A5-A2C13D6DF87B}.Debug|Any CPU.ActiveCfg = Debug|Any CPU
		{C93589AA-BFCC-40A4-85A5-A2C13D6DF87B}.Debug|Any CPU.Build.0 = Debug|Any CPU
		{C93589AA-BFCC-40A4-85A5-A2C13D6DF87B}.Debug|x64.ActiveCfg = Debug|Any CPU
		{C93589AA-BFCC-40A4-85A5-A2C13D6DF87B}.Debug|x64.Build.0 = Debug|Any CPU
		{C93589AA-BFCC-40A4-85A5-A2C13D6DF87B}.Debug|x86.ActiveCfg = Debug|Any CPU
		{C93589AA-BFCC-40A4-85A5-A2C13D6DF87B}.Debug|x86.Build.0 = Debug|Any CPU
		{C93589AA-BFCC-40A4-85A5-A2C13D6DF87B}.Release|Any CPU.ActiveCfg = Release|Any CPU
		{C93589AA-BFCC-40A4-85A5-A2C13D6DF87B}.Release|Any CPU.Build.0 = Release|Any CPU
		{C93589AA-BFCC-40A4-85A5-A2C13D6DF87B}.Release|x64.ActiveCfg = Release|Any CPU
		{C93589AA-BFCC-40A4-85A5-A2C13D6DF87B}.Release|x64.Build.0 = Release|Any CPU
		{C93589AA-BFCC-40A4-85A5-A2C13D6DF87B}.Release|x86.ActiveCfg = Release|Any CPU
		{C93589AA-BFCC-40A4-85A5-A2C13D6DF87B}.Release|x86.Build.0 = Release|Any CPU
		{5734AD22-98E2-488D-B33C-7F5F822DC1B6}.Debug|Any CPU.ActiveCfg = Debug|Any CPU
		{5734AD22-98E2-488D-B33C-7F5F822DC1B6}.Debug|Any CPU.Build.0 = Debug|Any CPU
		{5734AD22-98E2-488D-B33C-7F5F822DC1B6}.Debug|x64.ActiveCfg = Debug|Any CPU
		{5734AD22-98E2-488D-B33C-7F5F822DC1B6}.Debug|x64.Build.0 = Debug|Any CPU
		{5734AD22-98E2-488D-B33C-7F5F822DC1B6}.Debug|x86.ActiveCfg = Debug|Any CPU
		{5734AD22-98E2-488D-B33C-7F5F822DC1B6}.Debug|x86.Build.0 = Debug|Any CPU
		{5734AD22-98E2-488D-B33C-7F5F822DC1B6}.Release|Any CPU.ActiveCfg = Release|Any CPU
		{5734AD22-98E2-488D-B33C-7F5F822DC1B6}.Release|Any CPU.Build.0 = Release|Any CPU
		{5734AD22-98E2-488D-B33C-7F5F822DC1B6}.Release|x64.ActiveCfg = Release|Any CPU
		{5734AD22-98E2-488D-B33C-7F5F822DC1B6}.Release|x64.Build.0 = Release|Any CPU
		{5734AD22-98E2-488D-B33C-7F5F822DC1B6}.Release|x86.ActiveCfg = Release|Any CPU
		{5734AD22-98E2-488D-B33C-7F5F822DC1B6}.Release|x86.Build.0 = Release|Any CPU
		{8091595A-B539-4645-B48C-A2BC11DF130E}.Debug|Any CPU.ActiveCfg = Debug|Any CPU
		{8091595A-B539-4645-B48C-A2BC11DF130E}.Debug|Any CPU.Build.0 = Debug|Any CPU
		{8091595A-B539-4645-B48C-A2BC11DF130E}.Debug|x64.ActiveCfg = Debug|Any CPU
		{8091595A-B539-4645-B48C-A2BC11DF130E}.Debug|x64.Build.0 = Debug|Any CPU
		{8091595A-B539-4645-B48C-A2BC11DF130E}.Debug|x86.ActiveCfg = Debug|Any CPU
		{8091595A-B539-4645-B48C-A2BC11DF130E}.Debug|x86.Build.0 = Debug|Any CPU
		{8091595A-B539-4645-B48C-A2BC11DF130E}.Release|Any CPU.ActiveCfg = Release|Any CPU
		{8091595A-B539-4645-B48C-A2BC11DF130E}.Release|Any CPU.Build.0 = Release|Any CPU
		{8091595A-B539-4645-B48C-A2BC11DF130E}.Release|x64.ActiveCfg = Release|Any CPU
		{8091595A-B539-4645-B48C-A2BC11DF130E}.Release|x64.Build.0 = Release|Any CPU
		{8091595A-B539-4645-B48C-A2BC11DF130E}.Release|x86.ActiveCfg = Release|Any CPU
		{8091595A-B539-4645-B48C-A2BC11DF130E}.Release|x86.Build.0 = Release|Any CPU
		{1BBEBCA5-3EEA-40FF-B342-1B083E40EF31}.Debug|Any CPU.ActiveCfg = Debug|Any CPU
		{1BBEBCA5-3EEA-40FF-B342-1B083E40EF31}.Debug|Any CPU.Build.0 = Debug|Any CPU
		{1BBEBCA5-3EEA-40FF-B342-1B083E40EF31}.Debug|x64.ActiveCfg = Debug|Any CPU
		{1BBEBCA5-3EEA-40FF-B342-1B083E40EF31}.Debug|x64.Build.0 = Debug|Any CPU
		{1BBEBCA5-3EEA-40FF-B342-1B083E40EF31}.Debug|x86.ActiveCfg = Debug|Any CPU
		{1BBEBCA5-3EEA-40FF-B342-1B083E40EF31}.Debug|x86.Build.0 = Debug|Any CPU
		{1BBEBCA5-3EEA-40FF-B342-1B083E40EF31}.Release|Any CPU.ActiveCfg = Release|Any CPU
		{1BBEBCA5-3EEA-40FF-B342-1B083E40EF31}.Release|Any CPU.Build.0 = Release|Any CPU
		{1BBEBCA5-3EEA-40FF-B342-1B083E40EF31}.Release|x64.ActiveCfg = Release|Any CPU
		{1BBEBCA5-3EEA-40FF-B342-1B083E40EF31}.Release|x64.Build.0 = Release|Any CPU
		{1BBEBCA5-3EEA-40FF-B342-1B083E40EF31}.Release|x86.ActiveCfg = Release|Any CPU
		{1BBEBCA5-3EEA-40FF-B342-1B083E40EF31}.Release|x86.Build.0 = Release|Any CPU
		{4B3FDDBB-2B5A-41B5-915F-FA9D1CA3E959}.Debug|Any CPU.ActiveCfg = Debug|Any CPU
		{4B3FDDBB-2B5A-41B5-915F-FA9D1CA3E959}.Debug|Any CPU.Build.0 = Debug|Any CPU
		{4B3FDDBB-2B5A-41B5-915F-FA9D1CA3E959}.Debug|x64.ActiveCfg = Debug|Any CPU
		{4B3FDDBB-2B5A-41B5-915F-FA9D1CA3E959}.Debug|x64.Build.0 = Debug|Any CPU
		{4B3FDDBB-2B5A-41B5-915F-FA9D1CA3E959}.Debug|x86.ActiveCfg = Debug|Any CPU
		{4B3FDDBB-2B5A-41B5-915F-FA9D1CA3E959}.Debug|x86.Build.0 = Debug|Any CPU
		{4B3FDDBB-2B5A-41B5-915F-FA9D1CA3E959}.Release|Any CPU.ActiveCfg = Release|Any CPU
		{4B3FDDBB-2B5A-41B5-915F-FA9D1CA3E959}.Release|Any CPU.Build.0 = Release|Any CPU
		{4B3FDDBB-2B5A-41B5-915F-FA9D1CA3E959}.Release|x64.ActiveCfg = Release|Any CPU
		{4B3FDDBB-2B5A-41B5-915F-FA9D1CA3E959}.Release|x64.Build.0 = Release|Any CPU
		{4B3FDDBB-2B5A-41B5-915F-FA9D1CA3E959}.Release|x86.ActiveCfg = Release|Any CPU
		{4B3FDDBB-2B5A-41B5-915F-FA9D1CA3E959}.Release|x86.Build.0 = Release|Any CPU
		{6DC3F9E9-171F-4C0B-AE85-E04136DB0F46}.Debug|Any CPU.ActiveCfg = Debug|Any CPU
		{6DC3F9E9-171F-4C0B-AE85-E04136DB0F46}.Debug|Any CPU.Build.0 = Debug|Any CPU
		{6DC3F9E9-171F-4C0B-AE85-E04136DB0F46}.Debug|x64.ActiveCfg = Debug|Any CPU
		{6DC3F9E9-171F-4C0B-AE85-E04136DB0F46}.Debug|x64.Build.0 = Debug|Any CPU
		{6DC3F9E9-171F-4C0B-AE85-E04136DB0F46}.Debug|x86.ActiveCfg = Debug|Any CPU
		{6DC3F9E9-171F-4C0B-AE85-E04136DB0F46}.Debug|x86.Build.0 = Debug|Any CPU
		{6DC3F9E9-171F-4C0B-AE85-E04136DB0F46}.Release|Any CPU.ActiveCfg = Release|Any CPU
		{6DC3F9E9-171F-4C0B-AE85-E04136DB0F46}.Release|Any CPU.Build.0 = Release|Any CPU
		{6DC3F9E9-171F-4C0B-AE85-E04136DB0F46}.Release|x64.ActiveCfg = Release|Any CPU
		{6DC3F9E9-171F-4C0B-AE85-E04136DB0F46}.Release|x64.Build.0 = Release|Any CPU
		{6DC3F9E9-171F-4C0B-AE85-E04136DB0F46}.Release|x86.ActiveCfg = Release|Any CPU
		{6DC3F9E9-171F-4C0B-AE85-E04136DB0F46}.Release|x86.Build.0 = Release|Any CPU
		{667448CC-A91D-47CF-BEC2-D40917FAFBA6}.Debug|Any CPU.ActiveCfg = Debug|Any CPU
		{667448CC-A91D-47CF-BEC2-D40917FAFBA6}.Debug|Any CPU.Build.0 = Debug|Any CPU
		{667448CC-A91D-47CF-BEC2-D40917FAFBA6}.Debug|x64.ActiveCfg = Debug|Any CPU
		{667448CC-A91D-47CF-BEC2-D40917FAFBA6}.Debug|x64.Build.0 = Debug|Any CPU
		{667448CC-A91D-47CF-BEC2-D40917FAFBA6}.Debug|x86.ActiveCfg = Debug|Any CPU
		{667448CC-A91D-47CF-BEC2-D40917FAFBA6}.Debug|x86.Build.0 = Debug|Any CPU
		{667448CC-A91D-47CF-BEC2-D40917FAFBA6}.Release|Any CPU.ActiveCfg = Release|Any CPU
		{667448CC-A91D-47CF-BEC2-D40917FAFBA6}.Release|Any CPU.Build.0 = Release|Any CPU
		{667448CC-A91D-47CF-BEC2-D40917FAFBA6}.Release|x64.ActiveCfg = Release|Any CPU
		{667448CC-A91D-47CF-BEC2-D40917FAFBA6}.Release|x64.Build.0 = Release|Any CPU
		{667448CC-A91D-47CF-BEC2-D40917FAFBA6}.Release|x86.ActiveCfg = Release|Any CPU
		{667448CC-A91D-47CF-BEC2-D40917FAFBA6}.Release|x86.Build.0 = Release|Any CPU
		{AB86355B-E43F-4D14-A06E-7C9DB5E08B3F}.Debug|Any CPU.ActiveCfg = Debug|Any CPU
		{AB86355B-E43F-4D14-A06E-7C9DB5E08B3F}.Debug|Any CPU.Build.0 = Debug|Any CPU
		{AB86355B-E43F-4D14-A06E-7C9DB5E08B3F}.Debug|x64.ActiveCfg = Debug|Any CPU
		{AB86355B-E43F-4D14-A06E-7C9DB5E08B3F}.Debug|x64.Build.0 = Debug|Any CPU
		{AB86355B-E43F-4D14-A06E-7C9DB5E08B3F}.Debug|x86.ActiveCfg = Debug|Any CPU
		{AB86355B-E43F-4D14-A06E-7C9DB5E08B3F}.Debug|x86.Build.0 = Debug|Any CPU
		{AB86355B-E43F-4D14-A06E-7C9DB5E08B3F}.Release|Any CPU.ActiveCfg = Release|Any CPU
		{AB86355B-E43F-4D14-A06E-7C9DB5E08B3F}.Release|Any CPU.Build.0 = Release|Any CPU
		{AB86355B-E43F-4D14-A06E-7C9DB5E08B3F}.Release|x64.ActiveCfg = Release|Any CPU
		{AB86355B-E43F-4D14-A06E-7C9DB5E08B3F}.Release|x64.Build.0 = Release|Any CPU
		{AB86355B-E43F-4D14-A06E-7C9DB5E08B3F}.Release|x86.ActiveCfg = Release|Any CPU
		{AB86355B-E43F-4D14-A06E-7C9DB5E08B3F}.Release|x86.Build.0 = Release|Any CPU
	EndGlobalSection
	GlobalSection(SolutionProperties) = preSolution
		HideSolutionNode = FALSE
	EndGlobalSection
	GlobalSection(NestedProjects) = preSolution
		{6A51A112-07EC-49EF-BBB0-5AB1938A43E8} = {827E0CD3-B72D-47B6-A68D-7590B98EB39B}
		{5C69013D-0345-47EB-95AA-01D26E0EC605} = {827E0CD3-B72D-47B6-A68D-7590B98EB39B}
		{E4C00D6F-B3A3-4C57-B344-396BB41AB422} = {827E0CD3-B72D-47B6-A68D-7590B98EB39B}
		{C93589AA-BFCC-40A4-85A5-A2C13D6DF87B} = {827E0CD3-B72D-47B6-A68D-7590B98EB39B}
		{5734AD22-98E2-488D-B33C-7F5F822DC1B6} = {827E0CD3-B72D-47B6-A68D-7590B98EB39B}
		{8091595A-B539-4645-B48C-A2BC11DF130E} = {827E0CD3-B72D-47B6-A68D-7590B98EB39B}
		{1BBEBCA5-3EEA-40FF-B342-1B083E40EF31} = {827E0CD3-B72D-47B6-A68D-7590B98EB39B}
		{4B3FDDBB-2B5A-41B5-915F-FA9D1CA3E959} = {0AB3BF05-4346-4AA6-1389-037BE0695223}
		{6DC3F9E9-171F-4C0B-AE85-E04136DB0F46} = {0AB3BF05-4346-4AA6-1389-037BE0695223}
		{667448CC-A91D-47CF-BEC2-D40917FAFBA6} = {66320409-64EC-F7C5-3DEF-65E7510DAAD1}
		{AB86355B-E43F-4D14-A06E-7C9DB5E08B3F} = {07C2787E-EAC7-C090-1BA3-A61EC2A24D84}
	EndGlobalSection
EndGlobal
